// !$*UTF8*$!
{
	archiveVersion = 1;
	classes = {
	};
	objectVersion = 55;
	objects = {

/* Begin PBXBuildFile section */
		3C09552227E8650F005CA5F9 /* iosDemoApp.swift in Sources */ = {isa = PBXBuildFile; fileRef = 3C09552127E8650F005CA5F9 /* iosDemoApp.swift */; };
		3C09552427E8650F005CA5F9 /* ContentView.swift in Sources */ = {isa = PBXBuildFile; fileRef = 3C09552327E8650F005CA5F9 /* ContentView.swift */; };
		3C09552627E86511005CA5F9 /* Assets.xcassets in Resources */ = {isa = PBXBuildFile; fileRef = 3C09552527E86511005CA5F9 /* Assets.xcassets */; };
		3C09552927E86511005CA5F9 /* Preview Assets.xcassets in Resources */ = {isa = PBXBuildFile; fileRef = 3C09552827E86511005CA5F9 /* Preview Assets.xcassets */; };
		3C09553327E86511005CA5F9 /* iosDemoTests.swift in Sources */ = {isa = PBXBuildFile; fileRef = 3C09553227E86511005CA5F9 /* iosDemoTests.swift */; };
		3C09553D27E86511005CA5F9 /* iosDemoUITests.swift in Sources */ = {isa = PBXBuildFile; fileRef = 3C09553C27E86511005CA5F9 /* iosDemoUITests.swift */; };
		3C09553F27E86511005CA5F9 /* iosDemoUITestsLaunchTests.swift in Sources */ = {isa = PBXBuildFile; fileRef = 3C09553E27E86511005CA5F9 /* iosDemoUITestsLaunchTests.swift */; };
		438DC55CCF75107BC3E71020 /* Pods_iosDemo.framework in Frameworks */ = {isa = PBXBuildFile; fileRef = 66344AC7173F2CDD8A96A281 /* Pods_iosDemo.framework */; };
/* End PBXBuildFile section */

/* Begin PBXContainerItemProxy section */
		3C09552F27E86511005CA5F9 /* PBXContainerItemProxy */ = {
			isa = PBXContainerItemProxy;
			containerPortal = 3C09551627E8650F005CA5F9 /* Project object */;
			proxyType = 1;
			remoteGlobalIDString = 3C09551D27E8650F005CA5F9;
			remoteInfo = iosDemo;
		};
		3C09553927E86511005CA5F9 /* PBXContainerItemProxy */ = {
			isa = PBXContainerItemProxy;
			containerPortal = 3C09551627E8650F005CA5F9 /* Project object */;
			proxyType = 1;
			remoteGlobalIDString = 3C09551D27E8650F005CA5F9;
			remoteInfo = iosDemo;
		};
/* End PBXContainerItemProxy section */

/* Begin PBXFileReference section */
		3C09551E27E8650F005CA5F9 /* iosDemo.app */ = {isa = PBXFileReference; explicitFileType = wrapper.application; includeInIndex = 0; path = iosDemo.app; sourceTree = BUILT_PRODUCTS_DIR; };
		3C09552127E8650F005CA5F9 /* iosDemoApp.swift */ = {isa = PBXFileReference; lastKnownFileType = sourcecode.swift; path = iosDemoApp.swift; sourceTree = "<group>"; };
		3C09552327E8650F005CA5F9 /* ContentView.swift */ = {isa = PBXFileReference; lastKnownFileType = sourcecode.swift; path = ContentView.swift; sourceTree = "<group>"; };
		3C09552527E86511005CA5F9 /* Assets.xcassets */ = {isa = PBXFileReference; lastKnownFileType = folder.assetcatalog; path = Assets.xcassets; sourceTree = "<group>"; };
		3C09552827E86511005CA5F9 /* Preview Assets.xcassets */ = {isa = PBXFileReference; lastKnownFileType = folder.assetcatalog; path = "Preview Assets.xcassets"; sourceTree = "<group>"; };
		3C09552E27E86511005CA5F9 /* iosDemoTests.xctest */ = {isa = PBXFileReference; explicitFileType = wrapper.cfbundle; includeInIndex = 0; path = iosDemoTests.xctest; sourceTree = BUILT_PRODUCTS_DIR; };
		3C09553227E86511005CA5F9 /* iosDemoTests.swift */ = {isa = PBXFileReference; lastKnownFileType = sourcecode.swift; path = iosDemoTests.swift; sourceTree = "<group>"; };
		3C09553827E86511005CA5F9 /* iosDemoUITests.xctest */ = {isa = PBXFileReference; explicitFileType = wrapper.cfbundle; includeInIndex = 0; path = iosDemoUITests.xctest; sourceTree = BUILT_PRODUCTS_DIR; };
		3C09553C27E86511005CA5F9 /* iosDemoUITests.swift */ = {isa = PBXFileReference; lastKnownFileType = sourcecode.swift; path = iosDemoUITests.swift; sourceTree = "<group>"; };
		3C09553E27E86511005CA5F9 /* iosDemoUITestsLaunchTests.swift */ = {isa = PBXFileReference; lastKnownFileType = sourcecode.swift; path = iosDemoUITestsLaunchTests.swift; sourceTree = "<group>"; };
		66344AC7173F2CDD8A96A281 /* Pods_iosDemo.framework */ = {isa = PBXFileReference; explicitFileType = wrapper.framework; includeInIndex = 0; path = Pods_iosDemo.framework; sourceTree = BUILT_PRODUCTS_DIR; };
		8C35474723DFBCCDF4977C6B /* Pods-iosDemo.debug.xcconfig */ = {isa = PBXFileReference; includeInIndex = 1; lastKnownFileType = text.xcconfig; name = "Pods-iosDemo.debug.xcconfig"; path = "Target Support Files/Pods-iosDemo/Pods-iosDemo.debug.xcconfig"; sourceTree = "<group>"; };
		E5840F3C4FEF176E77C9088B /* Pods-iosDemo.release.xcconfig */ = {isa = PBXFileReference; includeInIndex = 1; lastKnownFileType = text.xcconfig; name = "Pods-iosDemo.release.xcconfig"; path = "Target Support Files/Pods-iosDemo/Pods-iosDemo.release.xcconfig"; sourceTree = "<group>"; };
/* End PBXFileReference section */

/* Begin PBXFrameworksBuildPhase section */
		3C09551B27E8650F005CA5F9 /* Frameworks */ = {
			isa = PBXFrameworksBuildPhase;
			buildActionMask = 2147483647;
			files = (
				438DC55CCF75107BC3E71020 /* Pods_iosDemo.framework in Frameworks */,
			);
			runOnlyForDeploymentPostprocessing = 0;
		};
		3C09552B27E86511005CA5F9 /* Frameworks */ = {
			isa = PBXFrameworksBuildPhase;
			buildActionMask = 2147483647;
			files = (
			);
			runOnlyForDeploymentPostprocessing = 0;
		};
		3C09553527E86511005CA5F9 /* Frameworks */ = {
			isa = PBXFrameworksBuildPhase;
			buildActionMask = 2147483647;
			files = (
			);
			runOnlyForDeploymentPostprocessing = 0;
		};
/* End PBXFrameworksBuildPhase section */

/* Begin PBXGroup section */
		3C09551527E8650F005CA5F9 = {
			isa = PBXGroup;
			children = (
				3C09552027E8650F005CA5F9 /* iosDemo */,
				3C09553127E86511005CA5F9 /* iosDemoTests */,
				3C09553B27E86511005CA5F9 /* iosDemoUITests */,
				3C09551F27E8650F005CA5F9 /* Products */,
				90173050EC5F8006827CD30C /* Pods */,
				A3B2B841596683C1CE372F6A /* Frameworks */,
			);
			sourceTree = "<group>";
		};
		3C09551F27E8650F005CA5F9 /* Products */ = {
			isa = PBXGroup;
			children = (
				3C09551E27E8650F005CA5F9 /* iosDemo.app */,
				3C09552E27E86511005CA5F9 /* iosDemoTests.xctest */,
				3C09553827E86511005CA5F9 /* iosDemoUITests.xctest */,
			);
			name = Products;
			sourceTree = "<group>";
		};
		3C09552027E8650F005CA5F9 /* iosDemo */ = {
			isa = PBXGroup;
			children = (
				3C09552127E8650F005CA5F9 /* iosDemoApp.swift */,
				3C09552327E8650F005CA5F9 /* ContentView.swift */,
				3C09552527E86511005CA5F9 /* Assets.xcassets */,
				3C09552727E86511005CA5F9 /* Preview Content */,
			);
			path = iosDemo;
			sourceTree = "<group>";
		};
		3C09552727E86511005CA5F9 /* Preview Content */ = {
			isa = PBXGroup;
			children = (
				3C09552827E86511005CA5F9 /* Preview Assets.xcassets */,
			);
			path = "Preview Content";
			sourceTree = "<group>";
		};
		3C09553127E86511005CA5F9 /* iosDemoTests */ = {
			isa = PBXGroup;
			children = (
				3C09553227E86511005CA5F9 /* iosDemoTests.swift */,
			);
			path = iosDemoTests;
			sourceTree = "<group>";
		};
		3C09553B27E86511005CA5F9 /* iosDemoUITests */ = {
			isa = PBXGroup;
			children = (
				3C09553C27E86511005CA5F9 /* iosDemoUITests.swift */,
				3C09553E27E86511005CA5F9 /* iosDemoUITestsLaunchTests.swift */,
			);
			path = iosDemoUITests;
			sourceTree = "<group>";
		};
		90173050EC5F8006827CD30C /* Pods */ = {
			isa = PBXGroup;
			children = (
				8C35474723DFBCCDF4977C6B /* Pods-iosDemo.debug.xcconfig */,
				E5840F3C4FEF176E77C9088B /* Pods-iosDemo.release.xcconfig */,
			);
			name = Pods;
			path = Pods;
			sourceTree = "<group>";
		};
		A3B2B841596683C1CE372F6A /* Frameworks */ = {
			isa = PBXGroup;
			children = (
				66344AC7173F2CDD8A96A281 /* Pods_iosDemo.framework */,
			);
			name = Frameworks;
			sourceTree = "<group>";
		};
/* End PBXGroup section */

/* Begin PBXNativeTarget section */
		3C09551D27E8650F005CA5F9 /* iosDemo */ = {
			isa = PBXNativeTarget;
			buildConfigurationList = 3C09554227E86511005CA5F9 /* Build configuration list for PBXNativeTarget "iosDemo" */;
			buildPhases = (
				B125FA6F16245D9C2854EEF3 /* [CP] Check Pods Manifest.lock */,
				3C09551A27E8650F005CA5F9 /* Sources */,
				3C09551B27E8650F005CA5F9 /* Frameworks */,
				3C09551C27E8650F005CA5F9 /* Resources */,
			);
			buildRules = (
			);
			dependencies = (
			);
			name = iosDemo;
			productName = iosDemo;
			productReference = 3C09551E27E8650F005CA5F9 /* iosDemo.app */;
			productType = "com.apple.product-type.application";
		};
		3C09552D27E86511005CA5F9 /* iosDemoTests */ = {
			isa = PBXNativeTarget;
			buildConfigurationList = 3C09554527E86511005CA5F9 /* Build configuration list for PBXNativeTarget "iosDemoTests" */;
			buildPhases = (
				3C09552A27E86511005CA5F9 /* Sources */,
				3C09552B27E86511005CA5F9 /* Frameworks */,
				3C09552C27E86511005CA5F9 /* Resources */,
			);
			buildRules = (
			);
			dependencies = (
				3C09553027E86511005CA5F9 /* PBXTargetDependency */,
			);
			name = iosDemoTests;
			productName = iosDemoTests;
			productReference = 3C09552E27E86511005CA5F9 /* iosDemoTests.xctest */;
			productType = "com.apple.product-type.bundle.unit-test";
		};
		3C09553727E86511005CA5F9 /* iosDemoUITests */ = {
			isa = PBXNativeTarget;
			buildConfigurationList = 3C09554827E86511005CA5F9 /* Build configuration list for PBXNativeTarget "iosDemoUITests" */;
			buildPhases = (
				3C09553427E86511005CA5F9 /* Sources */,
				3C09553527E86511005CA5F9 /* Frameworks */,
				3C09553627E86511005CA5F9 /* Resources */,
			);
			buildRules = (
			);
			dependencies = (
				3C09553A27E86511005CA5F9 /* PBXTargetDependency */,
			);
			name = iosDemoUITests;
			productName = iosDemoUITests;
			productReference = 3C09553827E86511005CA5F9 /* iosDemoUITests.xctest */;
			productType = "com.apple.product-type.bundle.ui-testing";
		};
/* End PBXNativeTarget section */

/* Begin PBXProject section */
		3C09551627E8650F005CA5F9 /* Project object */ = {
			isa = PBXProject;
			attributes = {
				BuildIndependentTargetsInParallel = 1;
				LastSwiftUpdateCheck = 1320;
				LastUpgradeCheck = 1320;
				TargetAttributes = {
					3C09551D27E8650F005CA5F9 = {
						CreatedOnToolsVersion = 13.2.1;
					};
					3C09552D27E86511005CA5F9 = {
						CreatedOnToolsVersion = 13.2.1;
						TestTargetID = 3C09551D27E8650F005CA5F9;
					};
					3C09553727E86511005CA5F9 = {
						CreatedOnToolsVersion = 13.2.1;
						TestTargetID = 3C09551D27E8650F005CA5F9;
					};
				};
			};
			buildConfigurationList = 3C09551927E8650F005CA5F9 /* Build configuration list for PBXProject "iosDemo" */;
			compatibilityVersion = "Xcode 13.0";
			developmentRegion = en;
			hasScannedForEncodings = 0;
			knownRegions = (
				en,
				Base,
			);
			mainGroup = 3C09551527E8650F005CA5F9;
			productRefGroup = 3C09551F27E8650F005CA5F9 /* Products */;
			projectDirPath = "";
			projectRoot = "";
			targets = (
				3C09551D27E8650F005CA5F9 /* iosDemo */,
				3C09552D27E86511005CA5F9 /* iosDemoTests */,
				3C09553727E86511005CA5F9 /* iosDemoUITests */,
			);
		};
/* End PBXProject section */

/* Begin PBXResourcesBuildPhase section */
		3C09551C27E8650F005CA5F9 /* Resources */ = {
			isa = PBXResourcesBuildPhase;
			buildActionMask = 2147483647;
			files = (
				3C09552927E86511005CA5F9 /* Preview Assets.xcassets in Resources */,
				3C09552627E86511005CA5F9 /* Assets.xcassets in Resources */,
			);
			runOnlyForDeploymentPostprocessing = 0;
		};
		3C09552C27E86511005CA5F9 /* Resources */ = {
			isa = PBXResourcesBuildPhase;
			buildActionMask = 2147483647;
			files = (
			);
			runOnlyForDeploymentPostprocessing = 0;
		};
		3C09553627E86511005CA5F9 /* Resources */ = {
			isa = PBXResourcesBuildPhase;
			buildActionMask = 2147483647;
			files = (
			);
			runOnlyForDeploymentPostprocessing = 0;
		};
/* End PBXResourcesBuildPhase section */

/* Begin PBXShellScriptBuildPhase section */
		B125FA6F16245D9C2854EEF3 /* [CP] Check Pods Manifest.lock */ = {
			isa = PBXShellScriptBuildPhase;
			buildActionMask = 2147483647;
			files = (
			);
			inputFileListPaths = (
			);
			inputPaths = (
				"${PODS_PODFILE_DIR_PATH}/Podfile.lock",
				"${PODS_ROOT}/Manifest.lock",
			);
			name = "[CP] Check Pods Manifest.lock";
			outputFileListPaths = (
			);
			outputPaths = (
				"$(DERIVED_FILE_DIR)/Pods-iosDemo-checkManifestLockResult.txt",
			);
			runOnlyForDeploymentPostprocessing = 0;
			shellPath = /bin/sh;
			shellScript = "diff \"${PODS_PODFILE_DIR_PATH}/Podfile.lock\" \"${PODS_ROOT}/Manifest.lock\" > /dev/null\nif [ $? != 0 ] ; then\n    # print error to STDERR\n    echo \"error: The sandbox is not in sync with the Podfile.lock. Run 'pod install' or update your CocoaPods installation.\" >&2\n    exit 1\nfi\n# This output is used by Xcode 'outputs' to avoid re-running this script phase.\necho \"SUCCESS\" > \"${SCRIPT_OUTPUT_FILE_0}\"\n";
			showEnvVarsInLog = 0;
		};
/* End PBXShellScriptBuildPhase section */

/* Begin PBXSourcesBuildPhase section */
		3C09551A27E8650F005CA5F9 /* Sources */ = {
			isa = PBXSourcesBuildPhase;
			buildActionMask = 2147483647;
			files = (
				3C09552427E8650F005CA5F9 /* ContentView.swift in Sources */,
				3C09552227E8650F005CA5F9 /* iosDemoApp.swift in Sources */,
			);
			runOnlyForDeploymentPostprocessing = 0;
		};
		3C09552A27E86511005CA5F9 /* Sources */ = {
			isa = PBXSourcesBuildPhase;
			buildActionMask = 2147483647;
			files = (
				3C09553327E86511005CA5F9 /* iosDemoTests.swift in Sources */,
			);
			runOnlyForDeploymentPostprocessing = 0;
		};
		3C09553427E86511005CA5F9 /* Sources */ = {
			isa = PBXSourcesBuildPhase;
			buildActionMask = 2147483647;
			files = (
				3C09553D27E86511005CA5F9 /* iosDemoUITests.swift in Sources */,
				3C09553F27E86511005CA5F9 /* iosDemoUITestsLaunchTests.swift in Sources */,
			);
			runOnlyForDeploymentPostprocessing = 0;
		};
/* End PBXSourcesBuildPhase section */

/* Begin PBXTargetDependency section */
		3C09553027E86511005CA5F9 /* PBXTargetDependency */ = {
			isa = PBXTargetDependency;
			target = 3C09551D27E8650F005CA5F9 /* iosDemo */;
			targetProxy = 3C09552F27E86511005CA5F9 /* PBXContainerItemProxy */;
		};
		3C09553A27E86511005CA5F9 /* PBXTargetDependency */ = {
			isa = PBXTargetDependency;
			target = 3C09551D27E8650F005CA5F9 /* iosDemo */;
			targetProxy = 3C09553927E86511005CA5F9 /* PBXContainerItemProxy */;
		};
/* End PBXTargetDependency section */

/* Begin XCBuildConfiguration section */
		3C09554027E86511005CA5F9 /* Debug */ = {
			isa = XCBuildConfiguration;
			buildSettings = {
				ALWAYS_SEARCH_USER_PATHS = NO;
				CLANG_ANALYZER_NONNULL = YES;
				CLANG_ANALYZER_NUMBER_OBJECT_CONVERSION = YES_AGGRESSIVE;
				CLANG_CXX_LANGUAGE_STANDARD = "gnu++17";
				CLANG_CXX_LIBRARY = "libc++";
				CLANG_ENABLE_MODULES = YES;
				CLANG_ENABLE_OBJC_ARC = YES;
				CLANG_ENABLE_OBJC_WEAK = YES;
				CLANG_WARN_BLOCK_CAPTURE_AUTORELEASING = YES;
				CLANG_WARN_BOOL_CONVERSION = YES;
				CLANG_WARN_COMMA = YES;
				CLANG_WARN_CONSTANT_CONVERSION = YES;
				CLANG_WARN_DEPRECATED_OBJC_IMPLEMENTATIONS = YES;
				CLANG_WARN_DIRECT_OBJC_ISA_USAGE = YES_ERROR;
				CLANG_WARN_DOCUMENTATION_COMMENTS = YES;
				CLANG_WARN_EMPTY_BODY = YES;
				CLANG_WARN_ENUM_CONVERSION = YES;
				CLANG_WARN_INFINITE_RECURSION = YES;
				CLANG_WARN_INT_CONVERSION = YES;
				CLANG_WARN_NON_LITERAL_NULL_CONVERSION = YES;
				CLANG_WARN_OBJC_IMPLICIT_RETAIN_SELF = YES;
				CLANG_WARN_OBJC_LITERAL_CONVERSION = YES;
				CLANG_WARN_OBJC_ROOT_CLASS = YES_ERROR;
				CLANG_WARN_QUOTED_INCLUDE_IN_FRAMEWORK_HEADER = YES;
				CLANG_WARN_RANGE_LOOP_ANALYSIS = YES;
				CLANG_WARN_STRICT_PROTOTYPES = YES;
				CLANG_WARN_SUSPICIOUS_MOVE = YES;
				CLANG_WARN_UNGUARDED_AVAILABILITY = YES_AGGRESSIVE;
				CLANG_WARN_UNREACHABLE_CODE = YES;
				CLANG_WARN__DUPLICATE_METHOD_MATCH = YES;
				COPY_PHASE_STRIP = NO;
				DEBUG_INFORMATION_FORMAT = dwarf;
				ENABLE_STRICT_OBJC_MSGSEND = YES;
				ENABLE_TESTABILITY = YES;
				GCC_C_LANGUAGE_STANDARD = gnu11;
				GCC_DYNAMIC_NO_PIC = NO;
				GCC_NO_COMMON_BLOCKS = YES;
				GCC_OPTIMIZATION_LEVEL = 0;
				GCC_PREPROCESSOR_DEFINITIONS = (
					"DEBUG=1",
					"$(inherited)",
				);
				GCC_WARN_64_TO_32_BIT_CONVERSION = YES;
				GCC_WARN_ABOUT_RETURN_TYPE = YES_ERROR;
				GCC_WARN_UNDECLARED_SELECTOR = YES;
				GCC_WARN_UNINITIALIZED_AUTOS = YES_AGGRESSIVE;
				GCC_WARN_UNUSED_FUNCTION = YES;
				GCC_WARN_UNUSED_VARIABLE = YES;
				IPHONEOS_DEPLOYMENT_TARGET = 15.2;
				MTL_ENABLE_DEBUG_INFO = INCLUDE_SOURCE;
				MTL_FAST_MATH = YES;
				ONLY_ACTIVE_ARCH = YES;
				SDKROOT = iphoneos;
				SWIFT_ACTIVE_COMPILATION_CONDITIONS = DEBUG;
				SWIFT_OPTIMIZATION_LEVEL = "-Onone";
			};
			name = Debug;
		};
		3C09554127E86511005CA5F9 /* Release */ = {
			isa = XCBuildConfiguration;
			buildSettings = {
				ALWAYS_SEARCH_USER_PATHS = NO;
				CLANG_ANALYZER_NONNULL = YES;
				CLANG_ANALYZER_NUMBER_OBJECT_CONVERSION = YES_AGGRESSIVE;
				CLANG_CXX_LANGUAGE_STANDARD = "gnu++17";
				CLANG_CXX_LIBRARY = "libc++";
				CLANG_ENABLE_MODULES = YES;
				CLANG_ENABLE_OBJC_ARC = YES;
				CLANG_ENABLE_OBJC_WEAK = YES;
				CLANG_WARN_BLOCK_CAPTURE_AUTORELEASING = YES;
				CLANG_WARN_BOOL_CONVERSION = YES;
				CLANG_WARN_COMMA = YES;
				CLANG_WARN_CONSTANT_CONVERSION = YES;
				CLANG_WARN_DEPRECATED_OBJC_IMPLEMENTATIONS = YES;
				CLANG_WARN_DIRECT_OBJC_ISA_USAGE = YES_ERROR;
				CLANG_WARN_DOCUMENTATION_COMMENTS = YES;
				CLANG_WARN_EMPTY_BODY = YES;
				CLANG_WARN_ENUM_CONVERSION = YES;
				CLANG_WARN_INFINITE_RECURSION = YES;
				CLANG_WARN_INT_CONVERSION = YES;
				CLANG_WARN_NON_LITERAL_NULL_CONVERSION = YES;
				CLANG_WARN_OBJC_IMPLICIT_RETAIN_SELF = YES;
				CLANG_WARN_OBJC_LITERAL_CONVERSION = YES;
				CLANG_WARN_OBJC_ROOT_CLASS = YES_ERROR;
				CLANG_WARN_QUOTED_INCLUDE_IN_FRAMEWORK_HEADER = YES;
				CLANG_WARN_RANGE_LOOP_ANALYSIS = YES;
				CLANG_WARN_STRICT_PROTOTYPES = YES;
				CLANG_WARN_SUSPICIOUS_MOVE = YES;
				CLANG_WARN_UNGUARDED_AVAILABILITY = YES_AGGRESSIVE;
				CLANG_WARN_UNREACHABLE_CODE = YES;
				CLANG_WARN__DUPLICATE_METHOD_MATCH = YES;
				COPY_PHASE_STRIP = NO;
				DEBUG_INFORMATION_FORMAT = "dwarf-with-dsym";
				ENABLE_NS_ASSERTIONS = NO;
				ENABLE_STRICT_OBJC_MSGSEND = YES;
				GCC_C_LANGUAGE_STANDARD = gnu11;
				GCC_NO_COMMON_BLOCKS = YES;
				GCC_WARN_64_TO_32_BIT_CONVERSION = YES;
				GCC_WARN_ABOUT_RETURN_TYPE = YES_ERROR;
				GCC_WARN_UNDECLARED_SELECTOR = YES;
				GCC_WARN_UNINITIALIZED_AUTOS = YES_AGGRESSIVE;
				GCC_WARN_UNUSED_FUNCTION = YES;
				GCC_WARN_UNUSED_VARIABLE = YES;
				IPHONEOS_DEPLOYMENT_TARGET = 15.2;
				MTL_ENABLE_DEBUG_INFO = NO;
				MTL_FAST_MATH = YES;
				SDKROOT = iphoneos;
				SWIFT_COMPILATION_MODE = wholemodule;
				SWIFT_OPTIMIZATION_LEVEL = "-O";
				VALIDATE_PRODUCT = YES;
			};
			name = Release;
		};
		3C09554327E86511005CA5F9 /* Debug */ = {
			isa = XCBuildConfiguration;
			baseConfigurationReference = 8C35474723DFBCCDF4977C6B /* Pods-iosDemo.debug.xcconfig */;
			buildSettings = {
				ASSETCATALOG_COMPILER_APPICON_NAME = AppIcon;
				ASSETCATALOG_COMPILER_GLOBAL_ACCENT_COLOR_NAME = AccentColor;
				CODE_SIGN_STYLE = Automatic;
				CURRENT_PROJECT_VERSION = 1;
				DEVELOPMENT_ASSET_PATHS = "\"iosDemo/Preview Content\"";
				ENABLE_PREVIEWS = YES;
				GENERATE_INFOPLIST_FILE = YES;
				INFOPLIST_KEY_UIApplicationSceneManifest_Generation = YES;
				INFOPLIST_KEY_UIApplicationSupportsIndirectInputEvents = YES;
				INFOPLIST_KEY_UILaunchScreen_Generation = YES;
				INFOPLIST_KEY_UISupportedInterfaceOrientations_iPad = "UIInterfaceOrientationPortrait UIInterfaceOrientationPortraitUpsideDown UIInterfaceOrientationLandscapeLeft UIInterfaceOrientationLandscapeRight";
				INFOPLIST_KEY_UISupportedInterfaceOrientations_iPhone = "UIInterfaceOrientationPortrait UIInterfaceOrientationLandscapeLeft UIInterfaceOrientationLandscapeRight";
				LD_RUNPATH_SEARCH_PATHS = (
					"$(inherited)",
					"@executable_path/Frameworks",
				);
				MARKETING_VERSION = 1.0;
				PRODUCT_BUNDLE_IDENTIFIER = com.colagom.iosDemo;
				PRODUCT_NAME = "$(TARGET_NAME)";
				SWIFT_EMIT_LOC_STRINGS = YES;
				SWIFT_VERSION = 5.0;
				TARGETED_DEVICE_FAMILY = "1,2";
			};
			name = Debug;
		};
		3C09554427E86511005CA5F9 /* Release */ = {
			isa = XCBuildConfiguration;
			baseConfigurationReference = E5840F3C4FEF176E77C9088B /* Pods-iosDemo.release.xcconfig */;
			buildSettings = {
				ASSETCATALOG_COMPILER_APPICON_NAME = AppIcon;
				ASSETCATALOG_COMPILER_GLOBAL_ACCENT_COLOR_NAME = AccentColor;
				CODE_SIGN_STYLE = Automatic;
				CURRENT_PROJECT_VERSION = 1;
				DEVELOPMENT_ASSET_PATHS = "\"iosDemo/Preview Content\"";
				ENABLE_PREVIEWS = YES;
				GENERATE_INFOPLIST_FILE = YES;
				INFOPLIST_KEY_UIApplicationSceneManifest_Generation = YES;
				INFOPLIST_KEY_UIApplicationSupportsIndirectInputEvents = YES;
				INFOPLIST_KEY_UILaunchScreen_Generation = YES;
				INFOPLIST_KEY_UISupportedInterfaceOrientations_iPad = "UIInterfaceOrientationPortrait UIInterfaceOrientationPortraitUpsideDown UIInterfaceOrientationLandscapeLeft UIInterfaceOrientationLandscapeRight";
				INFOPLIST_KEY_UISupportedInterfaceOrientations_iPhone = "UIInterfaceOrientationPortrait UIInterfaceOrientationLandscapeLeft UIInterfaceOrientationLandscapeRight";
				LD_RUNPATH_SEARCH_PATHS = (
					"$(inherited)",
					"@executable_path/Frameworks",
				);
				MARKETING_VERSION = 1.0;
				PRODUCT_BUNDLE_IDENTIFIER = com.colagom.iosDemo;
				PRODUCT_NAME = "$(TARGET_NAME)";
				SWIFT_EMIT_LOC_STRINGS = YES;
				SWIFT_VERSION = 5.0;
				TARGETED_DEVICE_FAMILY = "1,2";
			};
			name = Release;
		};
		3C09554627E86511005CA5F9 /* Debug */ = {
			isa = XCBuildConfiguration;
			buildSettings = {
				ALWAYS_EMBED_SWIFT_STANDARD_LIBRARIES = YES;
				BUNDLE_LOADER = "$(TEST_HOST)";
				CODE_SIGN_STYLE = Automatic;
				CURRENT_PROJECT_VERSION = 1;
				GENERATE_INFOPLIST_FILE = YES;
				IPHONEOS_DEPLOYMENT_TARGET = 15.2;
				MARKETING_VERSION = 1.0;
				PRODUCT_BUNDLE_IDENTIFIER = com.colagom.iosDemoTests;
				PRODUCT_NAME = "$(TARGET_NAME)";
				SWIFT_EMIT_LOC_STRINGS = NO;
				SWIFT_VERSION = 5.0;
				TARGETED_DEVICE_FAMILY = "1,2";
				TEST_HOST = "$(BUILT_PRODUCTS_DIR)/iosDemo.app/iosDemo";
			};
			name = Debug;
		};
		3C09554727E86511005CA5F9 /* Release */ = {
			isa = XCBuildConfiguration;
			buildSettings = {
				ALWAYS_EMBED_SWIFT_STANDARD_LIBRARIES = YES;
				BUNDLE_LOADER = "$(TEST_HOST)";
				CODE_SIGN_STYLE = Automatic;
				CURRENT_PROJECT_VERSION = 1;
				GENERATE_INFOPLIST_FILE = YES;
				IPHONEOS_DEPLOYMENT_TARGET = 15.2;
				MARKETING_VERSION = 1.0;
				PRODUCT_BUNDLE_IDENTIFIER = com.colagom.iosDemoTests;
				PRODUCT_NAME = "$(TARGET_NAME)";
				SWIFT_EMIT_LOC_STRINGS = NO;
				SWIFT_VERSION = 5.0;
				TARGETED_DEVICE_FAMILY = "1,2";
				TEST_HOST = "$(BUILT_PRODUCTS_DIR)/iosDemo.app/iosDemo";
			};
			name = Release;
		};
		3C09554927E86511005CA5F9 /* Debug */ = {
			isa = XCBuildConfiguration;
			buildSettings = {
				ALWAYS_EMBED_SWIFT_STANDARD_LIBRARIES = YES;
				CODE_SIGN_STYLE = Automatic;
				CURRENT_PROJECT_VERSION = 1;
				GENERATE_INFOPLIST_FILE = YES;
				MARKETING_VERSION = 1.0;
				PRODUCT_BUNDLE_IDENTIFIER = com.colagom.iosDemoUITests;
				PRODUCT_NAME = "$(TARGET_NAME)";
				SWIFT_EMIT_LOC_STRINGS = NO;
				SWIFT_VERSION = 5.0;
				TARGETED_DEVICE_FAMILY = "1,2";
				TEST_TARGET_NAME = iosDemo;
			};
			name = Debug;
		};
		3C09554A27E86511005CA5F9 /* Release */ = {
			isa = XCBuildConfiguration;
			buildSettings = {
				ALWAYS_EMBED_SWIFT_STANDARD_LIBRARIES = YES;
				CODE_SIGN_STYLE = Automatic;
				CURRENT_PROJECT_VERSION = 1;
				GENERATE_INFOPLIST_FILE = YES;
				MARKETING_VERSION = 1.0;
				PRODUCT_BUNDLE_IDENTIFIER = com.colagom.iosDemoUITests;
				PRODUCT_NAME = "$(TARGET_NAME)";
				SWIFT_EMIT_LOC_STRINGS = NO;
				SWIFT_VERSION = 5.0;
				TARGETED_DEVICE_FAMILY = "1,2";
				TEST_TARGET_NAME = iosDemo;
			};
			name = Release;
		};
/* End XCBuildConfiguration section */

/* Begin XCConfigurationList section */
		3C09551927E8650F005CA5F9 /* Build configuration list for PBXProject "iosDemo" */ = {
			isa = XCConfigurationList;
			buildConfigurations = (
				3C09554027E86511005CA5F9 /* Debug */,
				3C09554127E86511005CA5F9 /* Release */,
			);
			defaultConfigurationIsVisible = 0;
			defaultConfigurationName = Release;
		};
		3C09554227E86511005CA5F9 /* Build configuration list for PBXNativeTarget "iosDemo" */ = {
			isa = XCConfigurationList;
			buildConfigurations = (
				3C09554327E86511005CA5F9 /* Debug */,
				3C09554427E86511005CA5F9 /* Release */,
			);
			defaultConfigurationIsVisible = 0;
			defaultConfigurationName = Release;
		};
		3C09554527E86511005CA5F9 /* Build configuration list for PBXNativeTarget "iosDemoTests" */ = {
			isa = XCConfigurationList;
			buildConfigurations = (
				3C09554627E86511005CA5F9 /* Debug */,
				3C09554727E86511005CA5F9 /* Release */,
			);
			defaultConfigurationIsVisible = 0;
			defaultConfigurationName = Release;
		};
		3C09554827E86511005CA5F9 /* Build configuration list for PBXNativeTarget "iosDemoUITests" */ = {
			isa = XCConfigurationList;
			buildConfigurations = (
				3C09554927E86511005CA5F9 /* Debug */,
				3C09554A27E86511005CA5F9 /* Release */,
			);
			defaultConfigurationIsVisible = 0;
			defaultConfigurationName = Release;
		};
/* End XCConfigurationList section */
	};
	rootObject = 3C09551627E8650F005CA5F9 /* Project object */;
}
